
Microsoft Visual Studio Solution File, Format Version 12.00
# Visual Studio Version 17
VisualStudioVersion = 17.9.34701.34
MinimumVisualStudioVersion = 10.0.40219.1
Project("{FAE04EC0-301F-11D3-BF4B-00C04F79EFBC}") = "ConsoleApp1", "ConsoleApp1\ConsoleApp1.csproj", "{71AE9295-2437-414F-8676-4B3CBDED2FF3}"
EndProject
Global
	GlobalSection(SolutionConfigurationPlatforms) = preSolution
		Debug|Any CPU = Debug|Any CPU
		Release|Any CPU = Release|Any CPU
	EndGlobalSection
	GlobalSection(ProjectConfigurationPlatforms) = postSolution
		{71AE9295-2437-414F-8676-4B3CBDED2FF3}.Debug|Any CPU.ActiveCfg = Debug|Any CPU
		{71AE9295-2437-414F-8676-4B3CBDED2FF3}.Debug|Any CPU.Build.0 = Debug|Any CPU
		{71AE9295-2437-414F-8676-4B3CBDED2FF3}.Release|Any CPU.ActiveCfg = Release|Any CPU
		{71AE9295-2437-414F-8676-4B3CBDED2FF3}.Release|Any CPU.Build.0 = Release|Any CPU
	EndGlobalSection
	GlobalSection(SolutionProperties) = preSolution
		HideSolutionNode = FALSE
	EndGlobalSection
	GlobalSection(ExtensibilityGlobals) = postSolution
		SolutionGuid = {85759583-27AA-4D76-87C0-3EEFC0614CE7}
	EndGlobalSection
EndGlobal
